Microsoft Visual Studio Solution File, Format Version 12.00
# Visual Studio Version 16
VisualStudioVersion = 16.0.30204.135
MinimumVisualStudioVersion = 10.0.40219.1
Project("{9A19103F-16F7-4668-BE54-9A1E7A4F7556}") = "PX.Survey.Ext", "PX.Survey.Ext\PX.Survey.Ext.csproj", "{E80F8BC3-3F0F-4D59-942A-668A21B2D602}"
EndProject
Project("{E24C65DC-7377-472B-9ABA-BC803B73C61A}") = "21R1", "http://localhost/21R1", "{019EDF49-1A19-4959-A458-CAD5EC645291}"
	ProjectSection(WebsiteProperties) = preProject
		UseIISExpress = "false"
		TargetFrameworkMoniker = ".NETFramework,Version%3Dv4.8"
		ProjectReferences = "{e80f8bc3-3f0f-4d59-942a-668a21b2d602}|PX.Survey.Ext.dll;"
		Debug.AspNetCompiler.VirtualPath = "/21R1"
		Debug.AspNetCompiler.PhysicalPath = "..\..\..\"
		Debug.AspNetCompiler.TargetPath = "PrecompiledWeb\21R1\"
		Debug.AspNetCompiler.Updateable = "true"
		Debug.AspNetCompiler.ForceOverwrite = "true"
		Debug.AspNetCompiler.FixedNames = "false"
		Debug.AspNetCompiler.Debug = "True"
		Release.AspNetCompiler.VirtualPath = "/21R1"
		Release.AspNetCompiler.PhysicalPath = "..\..\..\"
		Release.AspNetCompiler.TargetPath = "PrecompiledWeb\21R1\"
		Release.AspNetCompiler.Updateable = "true"
		Release.AspNetCompiler.ForceOverwrite = "true"
		Release.AspNetCompiler.FixedNames = "false"
		Release.AspNetCompiler.Debug = "False"
		SlnRelativePath = "..\..\..\"
	EndProjectSection
	ProjectSection(WebsiteProperties) = preProject
		UseIISExpress = "false"
		TargetFrameworkMoniker = ".NETFramework,Version%3Dv4.8"
		ProjectReferences = "{e80f8bc3-3f0f-4d59-942a-668a21b2d602}|PX.Survey.Ext.dll;"
		Debug.AspNetCompiler.VirtualPath = "/21R1"
		Debug.AspNetCompiler.PhysicalPath = "..\..\..\"
		Debug.AspNetCompiler.TargetPath = "PrecompiledWeb\21R1\"
		Debug.AspNetCompiler.Updateable = "true"
		Debug.AspNetCompiler.ForceOverwrite = "true"
		Debug.AspNetCompiler.FixedNames = "false"
		Debug.AspNetCompiler.Debug = "True"
		Release.AspNetCompiler.VirtualPath = "/21R1"
		Release.AspNetCompiler.PhysicalPath = "..\..\..\"
		Release.AspNetCompiler.TargetPath = "PrecompiledWeb\21R1\"
		Release.AspNetCompiler.Updateable = "true"
		Release.AspNetCompiler.ForceOverwrite = "true"
		Release.AspNetCompiler.FixedNames = "false"
		Release.AspNetCompiler.Debug = "False"
		SlnRelativePath = "..\..\..\"
	EndProjectSection
EndProject
Global
	GlobalSection(SolutionConfigurationPlatforms) = preSolution
		Debug|Any CPU = Debug|Any CPU
		Release|Any CPU = Release|Any CPU
	EndGlobalSection
	GlobalSection(ProjectConfigurationPlatforms) = postSolution
		{E80F8BC3-3F0F-4D59-942A-668A21B2D602}.Debug|Any CPU.ActiveCfg = Debug|Any CPU
		{E80F8BC3-3F0F-4D59-942A-668A21B2D602}.Debug|Any CPU.Build.0 = Debug|Any CPU
		{E80F8BC3-3F0F-4D59-942A-668A21B2D602}.Release|Any CPU.ActiveCfg = Release|Any CPU
		{E80F8BC3-3F0F-4D59-942A-668A21B2D602}.Release|Any CPU.Build.0 = Release|Any CPU
		{019EDF49-1A19-4959-A458-CAD5EC645291}.Debug|Any CPU.ActiveCfg = Debug|Any CPU
		{019EDF49-1A19-4959-A458-CAD5EC645291}.Release|Any CPU.ActiveCfg = Debug|Any CPU
		{019EDF49-1A19-4959-A458-CAD5EC645291}.Release|Any CPU.Build.0 = Debug|Any CPU
	EndGlobalSection
	GlobalSection(SolutionProperties) = preSolution
		HideSolutionNode = FALSE
	EndGlobalSection
	GlobalSection(ExtensibilityGlobals) = postSolution
		SolutionGuid = {67C45C91-9E97-4406-83C1-2E1155C5D48D}
	EndGlobalSection
EndGlobal
