
Microsoft Visual Studio Solution File, Format Version 12.00
# Visual Studio Version 16
VisualStudioVersion = 16.0.29920.165
MinimumVisualStudioVersion = 10.0.40219.1
Project("{E24C65DC-7377-472B-9ABA-BC803B73C61A}") = "ACMSurvey", "http://localhost/ACMSurvey", "{7EA09B2C-504C-450F-B0A9-F0CF4FAEA9A3}"
	ProjectSection(WebsiteProperties) = preProject
		UseIISExpress = "false"
		TargetFrameworkMoniker = ".NETFramework,Version%3Dv4.8"
		ProjectReferences = "{9bc6d61a-5d4b-4d57-bc6b-5e3f9d04377e}|Covid19.Lib.dll;"
		Debug.AspNetCompiler.VirtualPath = "/ACMSurvey"
		Debug.AspNetCompiler.PhysicalPath = "..\..\..\..\Program Files (x86)\Acumatica ERP\ACMSurvey\"
		Debug.AspNetCompiler.TargetPath = "PrecompiledWeb\ACMSurvey\"
		Debug.AspNetCompiler.Updateable = "true"
		Debug.AspNetCompiler.ForceOverwrite = "true"
		Debug.AspNetCompiler.FixedNames = "false"
		Debug.AspNetCompiler.Debug = "True"
		Release.AspNetCompiler.VirtualPath = "/ACMSurvey"
		Release.AspNetCompiler.PhysicalPath = "..\..\..\..\Program Files (x86)\Acumatica ERP\ACMSurvey\"
		Release.AspNetCompiler.TargetPath = "PrecompiledWeb\ACMSurvey\"
		Release.AspNetCompiler.Updateable = "true"
		Release.AspNetCompiler.ForceOverwrite = "true"
		Release.AspNetCompiler.FixedNames = "false"
		Release.AspNetCompiler.Debug = "False"
		SlnRelativePath = "..\..\..\..\Program Files (x86)\Acumatica ERP\ACMSurvey\"
	EndProjectSection
EndProject
Project("{FAE04EC0-301F-11D3-BF4B-00C04F79EFBC}") = "PX.Survey.Ext", "..\PX.Survey.Ext\PX.Survey.Ext.csproj", "{9BC6D61A-5D4B-4D57-BC6B-5E3F9D04377E}"
EndProject
Global
	GlobalSection(SolutionConfigurationPlatforms) = preSolution
		Debug|Any CPU = Debug|Any CPU
		Release|Any CPU = Release|Any CPU
	EndGlobalSection
	GlobalSection(ProjectConfigurationPlatforms) = postSolution
		{7EA09B2C-504C-450F-B0A9-F0CF4FAEA9A3}.Debug|Any CPU.ActiveCfg = Debug|Any CPU
		{7EA09B2C-504C-450F-B0A9-F0CF4FAEA9A3}.Debug|Any CPU.Build.0 = Debug|Any CPU
		{7EA09B2C-504C-450F-B0A9-F0CF4FAEA9A3}.Release|Any CPU.ActiveCfg = Debug|Any CPU
		{7EA09B2C-504C-450F-B0A9-F0CF4FAEA9A3}.Release|Any CPU.Build.0 = Debug|Any CPU
		{9BC6D61A-5D4B-4D57-BC6B-5E3F9D04377E}.Debug|Any CPU.ActiveCfg = Debug|Any CPU
		{9BC6D61A-5D4B-4D57-BC6B-5E3F9D04377E}.Debug|Any CPU.Build.0 = Debug|Any CPU
		{9BC6D61A-5D4B-4D57-BC6B-5E3F9D04377E}.Release|Any CPU.ActiveCfg = Release|Any CPU
		{9BC6D61A-5D4B-4D57-BC6B-5E3F9D04377E}.Release|Any CPU.Build.0 = Release|Any CPU
	EndGlobalSection
	GlobalSection(SolutionProperties) = preSolution
		HideSolutionNode = FALSE
	EndGlobalSection
	GlobalSection(ExtensibilityGlobals) = postSolution
		SolutionGuid = {648FAD32-DADA-4C6F-8281-991A895966F7}
	EndGlobalSection
EndGlobal
